
Microsoft Visual Studio Solution File, Format Version 12.00
# Visual Studio Version 16
VisualStudioVersion = 16.0.31005.135
MinimumVisualStudioVersion = 10.0.40219.1
Project("{FAE04EC0-301F-11D3-BF4B-00C04F79EFBC}") = "auth-essential", "auth-essential\auth-essential.csproj", "{5F0ACA75-9689-4FF1-AEC8-B80E87315693}"
EndProject
Global
	GlobalSection(SolutionConfigurationPlatforms) = preSolution
		Debug|Any CPU = Debug|Any CPU
		Release|Any CPU = Release|Any CPU
	EndGlobalSection
	GlobalSection(ProjectConfigurationPlatforms) = postSolution
		{5F0ACA75-9689-4FF1-AEC8-B80E87315693}.Debug|Any CPU.ActiveCfg = Debug|Any CPU
		{5F0ACA75-9689-4FF1-AEC8-B80E87315693}.Debug|Any CPU.Build.0 = Debug|Any CPU
		{5F0ACA75-9689-4FF1-AEC8-B80E87315693}.Release|Any CPU.ActiveCfg = Release|Any CPU
		{5F0ACA75-9689-4FF1-AEC8-B80E87315693}.Release|Any CPU.Build.0 = Release|Any CPU
	EndGlobalSection
	GlobalSection(SolutionProperties) = preSolution
		HideSolutionNode = FALSE
	EndGlobalSection
	GlobalSection(ExtensibilityGlobals) = postSolution
		SolutionGuid = {C6E8E58C-D064-43CD-B912-60D623D80C25}
	EndGlobalSection
EndGlobal
